// !$*UTF8*$!
{
	archiveVersion = 1;
	classes = {
	};
	objectVersion = 56;
	objects = {

/* Begin PBXBuildFile section */
		245DC0DB2A6C343E00A533EB /* LittleLemonCapstoneApp.swift in Sources */ = {isa = PBXBuildFile; fileRef = 245DC0DA2A6C343E00A533EB /* LittleLemonCapstoneApp.swift */; };
		245DC0DF2A6C343E00A533EB /* Assets.xcassets in Resources */ = {isa = PBXBuildFile; fileRef = 245DC0DE2A6C343E00A533EB /* Assets.xcassets */; };
		245DC0E22A6C343E00A533EB /* Preview Assets.xcassets in Resources */ = {isa = PBXBuildFile; fileRef = 245DC0E12A6C343E00A533EB /* Preview Assets.xcassets */; };
		245DC0F42A6C645A00A533EB /* FetchedObjects.swift in Sources */ = {isa = PBXBuildFile; fileRef = 245DC0F32A6C645A00A533EB /* FetchedObjects.swift */; };
		245DC0F62A6C646500A533EB /* Persistence.swift in Sources */ = {isa = PBXBuildFile; fileRef = 245DC0F52A6C646500A533EB /* Persistence.swift */; };
		245DC0FB2A6C656F00A533EB /* MenuList.swift in Sources */ = {isa = PBXBuildFile; fileRef = 245DC0FA2A6C656F00A533EB /* MenuList.swift */; };
		245DC0FD2A6C657800A533EB /* MenuItem.swift in Sources */ = {isa = PBXBuildFile; fileRef = 245DC0FC2A6C657800A533EB /* MenuItem.swift */; };
		245DC1002A6C6A9600A533EB /* ExampleDatabase.xcdatamodeld in Sources */ = {isa = PBXBuildFile; fileRef = 245DC0FE2A6C6A9600A533EB /* ExampleDatabase.xcdatamodeld */; };
		24F2CB0B2A6C73E5007656AA /* Onboarding.swift in Sources */ = {isa = PBXBuildFile; fileRef = 24F2CB0A2A6C73E5007656AA /* Onboarding.swift */; };
		24F2CB0D2A6C73EE007656AA /* Menu.swift in Sources */ = {isa = PBXBuildFile; fileRef = 24F2CB0C2A6C73EE007656AA /* Menu.swift */; };
		24F2CB0F2A6C73F4007656AA /* Home.swift in Sources */ = {isa = PBXBuildFile; fileRef = 24F2CB0E2A6C73F4007656AA /* Home.swift */; };
		24F2CB112A6C73FB007656AA /* UserProfile.swift in Sources */ = {isa = PBXBuildFile; fileRef = 24F2CB102A6C73FB007656AA /* UserProfile.swift */; };
		24F2CB132A6C7402007656AA /* Hero.swift in Sources */ = {isa = PBXBuildFile; fileRef = 24F2CB122A6C7402007656AA /* Hero.swift */; };
		24F2CB152A6C7408007656AA /* Header.swift in Sources */ = {isa = PBXBuildFile; fileRef = 24F2CB142A6C7408007656AA /* Header.swift */; };
		24F2CB172A6C740D007656AA /* FoodItem.swift in Sources */ = {isa = PBXBuildFile; fileRef = 24F2CB162A6C740D007656AA /* FoodItem.swift */; };
		24F2CB1B2A6C7418007656AA /* DetailItem.swift in Sources */ = {isa = PBXBuildFile; fileRef = 24F2CB1A2A6C7418007656AA /* DetailItem.swift */; };
		24F2CB1D2A6C748C007656AA /* ViewModel.swift in Sources */ = {isa = PBXBuildFile; fileRef = 24F2CB1C2A6C748C007656AA /* ViewModel.swift */; };
		24F2CB232A6C74E3007656AA /* StyleGuide.swift in Sources */ = {isa = PBXBuildFile; fileRef = 24F2CB222A6C74E3007656AA /* StyleGuide.swift */; };
/* End PBXBuildFile section */

/* Begin PBXFileReference section */
		245DC0D72A6C343E00A533EB /* LittleLemonCapstone.app */ = {isa = PBXFileReference; explicitFileType = wrapper.application; includeInIndex = 0; path = LittleLemonCapstone.app; sourceTree = BUILT_PRODUCTS_DIR; };
		245DC0DA2A6C343E00A533EB /* LittleLemonCapstoneApp.swift */ = {isa = PBXFileReference; lastKnownFileType = sourcecode.swift; path = LittleLemonCapstoneApp.swift; sourceTree = "<group>"; };
		245DC0DE2A6C343E00A533EB /* Assets.xcassets */ = {isa = PBXFileReference; lastKnownFileType = folder.assetcatalog; path = Assets.xcassets; sourceTree = "<group>"; };
		245DC0E12A6C343E00A533EB /* Preview Assets.xcassets */ = {isa = PBXFileReference; lastKnownFileType = folder.assetcatalog; path = "Preview Assets.xcassets"; sourceTree = "<group>"; };
		245DC0F32A6C645A00A533EB /* FetchedObjects.swift */ = {isa = PBXFileReference; fileEncoding = 4; lastKnownFileType = sourcecode.swift; path = FetchedObjects.swift; sourceTree = "<group>"; };
		245DC0F52A6C646500A533EB /* Persistence.swift */ = {isa = PBXFileReference; fileEncoding = 4; lastKnownFileType = sourcecode.swift; path = Persistence.swift; sourceTree = "<group>"; };
		245DC0FA2A6C656F00A533EB /* MenuList.swift */ = {isa = PBXFileReference; lastKnownFileType = sourcecode.swift; path = MenuList.swift; sourceTree = "<group>"; };
		245DC0FC2A6C657800A533EB /* MenuItem.swift */ = {isa = PBXFileReference; lastKnownFileType = sourcecode.swift; path = MenuItem.swift; sourceTree = "<group>"; };
		245DC0FF2A6C6A9600A533EB /* ExampleDatabase.xcdatamodel */ = {isa = PBXFileReference; lastKnownFileType = wrapper.xcdatamodel; path = ExampleDatabase.xcdatamodel; sourceTree = "<group>"; };
		24F2CB0A2A6C73E5007656AA /* Onboarding.swift */ = {isa = PBXFileReference; fileEncoding = 4; lastKnownFileType = sourcecode.swift; path = Onboarding.swift; sourceTree = "<group>"; };
		24F2CB0C2A6C73EE007656AA /* Menu.swift */ = {isa = PBXFileReference; fileEncoding = 4; lastKnownFileType = sourcecode.swift; path = Menu.swift; sourceTree = "<group>"; };
		24F2CB0E2A6C73F4007656AA /* Home.swift */ = {isa = PBXFileReference; fileEncoding = 4; lastKnownFileType = sourcecode.swift; path = Home.swift; sourceTree = "<group>"; };
		24F2CB102A6C73FB007656AA /* UserProfile.swift */ = {isa = PBXFileReference; fileEncoding = 4; lastKnownFileType = sourcecode.swift; path = UserProfile.swift; sourceTree = "<group>"; };
		24F2CB122A6C7402007656AA /* Hero.swift */ = {isa = PBXFileReference; fileEncoding = 4; lastKnownFileType = sourcecode.swift; path = Hero.swift; sourceTree = "<group>"; };
		24F2CB142A6C7408007656AA /* Header.swift */ = {isa = PBXFileReference; fileEncoding = 4; lastKnownFileType = sourcecode.swift; path = Header.swift; sourceTree = "<group>"; };
		24F2CB162A6C740D007656AA /* FoodItem.swift */ = {isa = PBXFileReference; fileEncoding = 4; lastKnownFileType = sourcecode.swift; path = FoodItem.swift; sourceTree = "<group>"; };
		24F2CB1A2A6C7418007656AA /* DetailItem.swift */ = {isa = PBXFileReference; fileEncoding = 4; lastKnownFileType = sourcecode.swift; path = DetailItem.swift; sourceTree = "<group>"; };
		24F2CB1C2A6C748C007656AA /* ViewModel.swift */ = {isa = PBXFileReference; fileEncoding = 4; lastKnownFileType = sourcecode.swift; path = ViewModel.swift; sourceTree = "<group>"; };
		24F2CB222A6C74E3007656AA /* StyleGuide.swift */ = {isa = PBXFileReference; lastKnownFileType = sourcecode.swift; path = StyleGuide.swift; sourceTree = "<group>"; };
/* End PBXFileReference section */

/* Begin PBXFrameworksBuildPhase section */
		245DC0D42A6C343E00A533EB /* Frameworks */ = {
			isa = PBXFrameworksBuildPhase;
			buildActionMask = 2147483647;
			files = (
			);
			runOnlyForDeploymentPostprocessing = 0;
		};
/* End PBXFrameworksBuildPhase section */

/* Begin PBXGroup section */
		245DC0CE2A6C343E00A533EB = {
			isa = PBXGroup;
			children = (
				245DC0D92A6C343E00A533EB /* LittleLemonCapstone */,
				245DC0D82A6C343E00A533EB /* Products */,
			);
			sourceTree = "<group>";
		};
		245DC0D82A6C343E00A533EB /* Products */ = {
			isa = PBXGroup;
			children = (
				245DC0D72A6C343E00A533EB /* LittleLemonCapstone.app */,
			);
			name = Products;
			sourceTree = "<group>";
		};
		245DC0D92A6C343E00A533EB /* LittleLemonCapstone */ = {
			isa = PBXGroup;
			children = (
				245DC0DA2A6C343E00A533EB /* LittleLemonCapstoneApp.swift */,
				245DC0F72A6C649200A533EB /* Core Data */,
				245DC0EA2A6C4C9500A533EB /* Views */,
				24F2CB1F2A6C74AB007656AA /* Styles */,
				245DC0DE2A6C343E00A533EB /* Assets.xcassets */,
				245DC0E02A6C343E00A533EB /* Preview Content */,
			);
			path = LittleLemonCapstone;
			sourceTree = "<group>";
		};
		245DC0E02A6C343E00A533EB /* Preview Content */ = {
			isa = PBXGroup;
			children = (
				245DC0E12A6C343E00A533EB /* Preview Assets.xcassets */,
			);
			path = "Preview Content";
			sourceTree = "<group>";
		};
		245DC0EA2A6C4C9500A533EB /* Views */ = {
			isa = PBXGroup;
			children = (
				24F2CB0A2A6C73E5007656AA /* Onboarding.swift */,
				24F2CB0E2A6C73F4007656AA /* Home.swift */,
				24F2CB142A6C7408007656AA /* Header.swift */,
				24F2CB122A6C7402007656AA /* Hero.swift */,
				24F2CB0C2A6C73EE007656AA /* Menu.swift */,
				24F2CB102A6C73FB007656AA /* UserProfile.swift */,
				24F2CB162A6C740D007656AA /* FoodItem.swift */,
				24F2CB1A2A6C7418007656AA /* DetailItem.swift */,
				245DC0F92A6C654A00A533EB /* Models */,
			);
			path = Views;
			sourceTree = "<group>";
		};
		245DC0F72A6C649200A533EB /* Core Data */ = {
			isa = PBXGroup;
			children = (
				245DC0F32A6C645A00A533EB /* FetchedObjects.swift */,
				245DC0F52A6C646500A533EB /* Persistence.swift */,
				245DC0FE2A6C6A9600A533EB /* ExampleDatabase.xcdatamodeld */,
			);
			path = "Core Data";
			sourceTree = "<group>";
		};
		245DC0F92A6C654A00A533EB /* Models */ = {
			isa = PBXGroup;
			children = (
				24F2CB1C2A6C748C007656AA /* ViewModel.swift */,
				245DC0FA2A6C656F00A533EB /* MenuList.swift */,
				245DC0FC2A6C657800A533EB /* MenuItem.swift */,
			);
			path = Models;
			sourceTree = "<group>";
		};
		24F2CB1F2A6C74AB007656AA /* Styles */ = {
			isa = PBXGroup;
			children = (
				24F2CB222A6C74E3007656AA /* StyleGuide.swift */,
			);
			path = Styles;
			sourceTree = "<group>";
		};
/* End PBXGroup section */

/* Begin PBXNativeTarget section */
		245DC0D62A6C343E00A533EB /* LittleLemonCapstone */ = {
			isa = PBXNativeTarget;
			buildConfigurationList = 245DC0E52A6C343E00A533EB /* Build configuration list for PBXNativeTarget "LittleLemonCapstone" */;
			buildPhases = (
				245DC0D32A6C343E00A533EB /* Sources */,
				245DC0D42A6C343E00A533EB /* Frameworks */,
				245DC0D52A6C343E00A533EB /* Resources */,
			);
			buildRules = (
			);
			dependencies = (
			);
			name = LittleLemonCapstone;
			productName = LittleLemonCapstone;
			productReference = 245DC0D72A6C343E00A533EB /* LittleLemonCapstone.app */;
			productType = "com.apple.product-type.application";
		};
/* End PBXNativeTarget section */

/* Begin PBXProject section */
		245DC0CF2A6C343E00A533EB /* Project object */ = {
			isa = PBXProject;
			attributes = {
				BuildIndependentTargetsInParallel = 1;
				LastSwiftUpdateCheck = 1430;
				LastUpgradeCheck = 1430;
				TargetAttributes = {
					245DC0D62A6C343E00A533EB = {
						CreatedOnToolsVersion = 14.3.1;
					};
				};
			};
			buildConfigurationList = 245DC0D22A6C343E00A533EB /* Build configuration list for PBXProject "LittleLemonCapstone" */;
			compatibilityVersion = "Xcode 14.0";
			developmentRegion = en;
			hasScannedForEncodings = 0;
			knownRegions = (
				en,
				Base,
			);
			mainGroup = 245DC0CE2A6C343E00A533EB;
			productRefGroup = 245DC0D82A6C343E00A533EB /* Products */;
			projectDirPath = "";
			projectRoot = "";
			targets = (
				245DC0D62A6C343E00A533EB /* LittleLemonCapstone */,
			);
		};
/* End PBXProject section */

/* Begin PBXResourcesBuildPhase section */
		245DC0D52A6C343E00A533EB /* Resources */ = {
			isa = PBXResourcesBuildPhase;
			buildActionMask = 2147483647;
			files = (
				245DC0E22A6C343E00A533EB /* Preview Assets.xcassets in Resources */,
				245DC0DF2A6C343E00A533EB /* Assets.xcassets in Resources */,
			);
			runOnlyForDeploymentPostprocessing = 0;
		};
/* End PBXResourcesBuildPhase section */

/* Begin PBXSourcesBuildPhase section */
		245DC0D32A6C343E00A533EB /* Sources */ = {
			isa = PBXSourcesBuildPhase;
			buildActionMask = 2147483647;
			files = (
				245DC0FB2A6C656F00A533EB /* MenuList.swift in Sources */,
				245DC0F42A6C645A00A533EB /* FetchedObjects.swift in Sources */,
				24F2CB112A6C73FB007656AA /* UserProfile.swift in Sources */,
				24F2CB0D2A6C73EE007656AA /* Menu.swift in Sources */,
				24F2CB152A6C7408007656AA /* Header.swift in Sources */,
				245DC0F62A6C646500A533EB /* Persistence.swift in Sources */,
				24F2CB1D2A6C748C007656AA /* ViewModel.swift in Sources */,
				24F2CB0F2A6C73F4007656AA /* Home.swift in Sources */,
				24F2CB232A6C74E3007656AA /* StyleGuide.swift in Sources */,
				24F2CB132A6C7402007656AA /* Hero.swift in Sources */,
				24F2CB0B2A6C73E5007656AA /* Onboarding.swift in Sources */,
				24F2CB172A6C740D007656AA /* FoodItem.swift in Sources */,
				245DC1002A6C6A9600A533EB /* ExampleDatabase.xcdatamodeld in Sources */,
				24F2CB1B2A6C7418007656AA /* DetailItem.swift in Sources */,
				245DC0FD2A6C657800A533EB /* MenuItem.swift in Sources */,
				245DC0DB2A6C343E00A533EB /* LittleLemonCapstoneApp.swift in Sources */,
			);
			runOnlyForDeploymentPostprocessing = 0;
		};
/* End PBXSourcesBuildPhase section */

/* Begin XCBuildConfiguration section */
		245DC0E32A6C343E00A533EB /* Debug */ = {
			isa = XCBuildConfiguration;
			buildSettings = {
				ALWAYS_SEARCH_USER_PATHS = NO;
				CLANG_ANALYZER_NONNULL = YES;
				CLANG_ANALYZER_NUMBER_OBJECT_CONVERSION = YES_AGGRESSIVE;
				CLANG_CXX_LANGUAGE_STANDARD = "gnu++20";
				CLANG_ENABLE_MODULES = YES;
				CLANG_ENABLE_OBJC_ARC = YES;
				CLANG_ENABLE_OBJC_WEAK = YES;
				CLANG_WARN_BLOCK_CAPTURE_AUTORELEASING = YES;
				CLANG_WARN_BOOL_CONVERSION = YES;
				CLANG_WARN_COMMA = YES;
				CLANG_WARN_CONSTANT_CONVERSION = YES;
				CLANG_WARN_DEPRECATED_OBJC_IMPLEMENTATIONS = YES;
				CLANG_WARN_DIRECT_OBJC_ISA_USAGE = YES_ERROR;
				CLANG_WARN_DOCUMENTATION_COMMENTS = YES;
				CLANG_WARN_EMPTY_BODY = YES;
				CLANG_WARN_ENUM_CONVERSION = YES;
				CLANG_WARN_INFINITE_RECURSION = YES;
				CLANG_WARN_INT_CONVERSION = YES;
				CLANG_WARN_NON_LITERAL_NULL_CONVERSION = YES;
				CLANG_WARN_OBJC_IMPLICIT_RETAIN_SELF = YES;
				CLANG_WARN_OBJC_LITERAL_CONVERSION = YES;
				CLANG_WARN_OBJC_ROOT_CLASS = YES_ERROR;
				CLANG_WARN_QUOTED_INCLUDE_IN_FRAMEWORK_HEADER = YES;
				CLANG_WARN_RANGE_LOOP_ANALYSIS = YES;
				CLANG_WARN_STRICT_PROTOTYPES = YES;
				CLANG_WARN_SUSPICIOUS_MOVE = YES;
				CLANG_WARN_UNGUARDED_AVAILABILITY = YES_AGGRESSIVE;
				CLANG_WARN_UNREACHABLE_CODE = YES;
				CLANG_WARN__DUPLICATE_METHOD_MATCH = YES;
				COPY_PHASE_STRIP = NO;
				DEBUG_INFORMATION_FORMAT = dwarf;
				ENABLE_STRICT_OBJC_MSGSEND = YES;
				ENABLE_TESTABILITY = YES;
				GCC_C_LANGUAGE_STANDARD = gnu11;
				GCC_DYNAMIC_NO_PIC = NO;
				GCC_NO_COMMON_BLOCKS = YES;
				GCC_OPTIMIZATION_LEVEL = 0;
				GCC_PREPROCESSOR_DEFINITIONS = (
					"DEBUG=1",
					"$(inherited)",
				);
				GCC_WARN_64_TO_32_BIT_CONVERSION = YES;
				GCC_WARN_ABOUT_RETURN_TYPE = YES_ERROR;
				GCC_WARN_UNDECLARED_SELECTOR = YES;
				GCC_WARN_UNINITIALIZED_AUTOS = YES_AGGRESSIVE;
				GCC_WARN_UNUSED_FUNCTION = YES;
				GCC_WARN_UNUSED_VARIABLE = YES;
				IPHONEOS_DEPLOYMENT_TARGET = 16.4;
				MTL_ENABLE_DEBUG_INFO = INCLUDE_SOURCE;
				MTL_FAST_MATH = YES;
				ONLY_ACTIVE_ARCH = YES;
				SDKROOT = iphoneos;
				SWIFT_ACTIVE_COMPILATION_CONDITIONS = DEBUG;
				SWIFT_OPTIMIZATION_LEVEL = "-Onone";
			};
			name = Debug;
		};
		245DC0E42A6C343E00A533EB /* Release */ = {
			isa = XCBuildConfiguration;
			buildSettings = {
				ALWAYS_SEARCH_USER_PATHS = NO;
				CLANG_ANALYZER_NONNULL = YES;
				CLANG_ANALYZER_NUMBER_OBJECT_CONVERSION = YES_AGGRESSIVE;
				CLANG_CXX_LANGUAGE_STANDARD = "gnu++20";
				CLANG_ENABLE_MODULES = YES;
				CLANG_ENABLE_OBJC_ARC = YES;
				CLANG_ENABLE_OBJC_WEAK = YES;
				CLANG_WARN_BLOCK_CAPTURE_AUTORELEASING = YES;
				CLANG_WARN_BOOL_CONVERSION = YES;
				CLANG_WARN_COMMA = YES;
				CLANG_WARN_CONSTANT_CONVERSION = YES;
				CLANG_WARN_DEPRECATED_OBJC_IMPLEMENTATIONS = YES;
				CLANG_WARN_DIRECT_OBJC_ISA_USAGE = YES_ERROR;
				CLANG_WARN_DOCUMENTATION_COMMENTS = YES;
				CLANG_WARN_EMPTY_BODY = YES;
				CLANG_WARN_ENUM_CONVERSION = YES;
				CLANG_WARN_INFINITE_RECURSION = YES;
				CLANG_WARN_INT_CONVERSION = YES;
				CLANG_WARN_NON_LITERAL_NULL_CONVERSION = YES;
				CLANG_WARN_OBJC_IMPLICIT_RETAIN_SELF = YES;
				CLANG_WARN_OBJC_LITERAL_CONVERSION = YES;
				CLANG_WARN_OBJC_ROOT_CLASS = YES_ERROR;
				CLANG_WARN_QUOTED_INCLUDE_IN_FRAMEWORK_HEADER = YES;
				CLANG_WARN_RANGE_LOOP_ANALYSIS = YES;
				CLANG_WARN_STRICT_PROTOTYPES = YES;
				CLANG_WARN_SUSPICIOUS_MOVE = YES;
				CLANG_WARN_UNGUARDED_AVAILABILITY = YES_AGGRESSIVE;
				CLANG_WARN_UNREACHABLE_CODE = YES;
				CLANG_WARN__DUPLICATE_METHOD_MATCH = YES;
				COPY_PHASE_STRIP = NO;
				DEBUG_INFORMATION_FORMAT = "dwarf-with-dsym";
				ENABLE_NS_ASSERTIONS = NO;
				ENABLE_STRICT_OBJC_MSGSEND = YES;
				GCC_C_LANGUAGE_STANDARD = gnu11;
				GCC_NO_COMMON_BLOCKS = YES;
				GCC_WARN_64_TO_32_BIT_CONVERSION = YES;
				GCC_WARN_ABOUT_RETURN_TYPE = YES_ERROR;
				GCC_WARN_UNDECLARED_SELECTOR = YES;
				GCC_WARN_UNINITIALIZED_AUTOS = YES_AGGRESSIVE;
				GCC_WARN_UNUSED_FUNCTION = YES;
				GCC_WARN_UNUSED_VARIABLE = YES;
				IPHONEOS_DEPLOYMENT_TARGET = 16.4;
				MTL_ENABLE_DEBUG_INFO = NO;
				MTL_FAST_MATH = YES;
				SDKROOT = iphoneos;
				SWIFT_COMPILATION_MODE = wholemodule;
				SWIFT_OPTIMIZATION_LEVEL = "-O";
				VALIDATE_PRODUCT = YES;
			};
			name = Release;
		};
		245DC0E62A6C343E00A533EB /* Debug */ = {
			isa = XCBuildConfiguration;
			buildSettings = {
				ASSETCATALOG_COMPILER_APPICON_NAME = AppIcon;
				ASSETCATALOG_COMPILER_GLOBAL_ACCENT_COLOR_NAME = AccentColor;
				CODE_SIGN_STYLE = Automatic;
				CURRENT_PROJECT_VERSION = 1;
				DEVELOPMENT_ASSET_PATHS = "\"LittleLemonCapstone/Preview Content\"";
				ENABLE_PREVIEWS = YES;
				GENERATE_INFOPLIST_FILE = YES;
				INFOPLIST_KEY_UIApplicationSceneManifest_Generation = YES;
				INFOPLIST_KEY_UIApplicationSupportsIndirectInputEvents = YES;
				INFOPLIST_KEY_UILaunchScreen_Generation = YES;
				INFOPLIST_KEY_UISupportedInterfaceOrientations_iPad = "UIInterfaceOrientationPortrait UIInterfaceOrientationPortraitUpsideDown UIInterfaceOrientationLandscapeLeft UIInterfaceOrientationLandscapeRight";
				INFOPLIST_KEY_UISupportedInterfaceOrientations_iPhone = "UIInterfaceOrientationPortrait UIInterfaceOrientationLandscapeLeft UIInterfaceOrientationLandscapeRight";
				LD_RUNPATH_SEARCH_PATHS = (
					"$(inherited)",
					"@executable_path/Frameworks",
				);
				MARKETING_VERSION = 1.0;
				PRODUCT_BUNDLE_IDENTIFIER = "Russell-Price.LittleLemonCapstone";
				PRODUCT_NAME = "$(TARGET_NAME)";
				SWIFT_EMIT_LOC_STRINGS = YES;
				SWIFT_VERSION = 5.0;
				TARGETED_DEVICE_FAMILY = "1,2";
			};
			name = Debug;
		};
		245DC0E72A6C343E00A533EB /* Release */ = {
			isa = XCBuildConfiguration;
			buildSettings = {
				ASSETCATALOG_COMPILER_APPICON_NAME = AppIcon;
				ASSETCATALOG_COMPILER_GLOBAL_ACCENT_COLOR_NAME = AccentColor;
				CODE_SIGN_STYLE = Automatic;
				CURRENT_PROJECT_VERSION = 1;
				DEVELOPMENT_ASSET_PATHS = "\"LittleLemonCapstone/Preview Content\"";
				ENABLE_PREVIEWS = YES;
				GENERATE_INFOPLIST_FILE = YES;
				INFOPLIST_KEY_UIApplicationSceneManifest_Generation = YES;
				INFOPLIST_KEY_UIApplicationSupportsIndirectInputEvents = YES;
				INFOPLIST_KEY_UILaunchScreen_Generation = YES;
				INFOPLIST_KEY_UISupportedInterfaceOrientations_iPad = "UIInterfaceOrientationPortrait UIInterfaceOrientationPortraitUpsideDown UIInterfaceOrientationLandscapeLeft UIInterfaceOrientationLandscapeRight";
				INFOPLIST_KEY_UISupportedInterfaceOrientations_iPhone = "UIInterfaceOrientationPortrait UIInterfaceOrientationLandscapeLeft UIInterfaceOrientationLandscapeRight";
				LD_RUNPATH_SEARCH_PATHS = (
					"$(inherited)",
					"@executable_path/Frameworks",
				);
				MARKETING_VERSION = 1.0;
				PRODUCT_BUNDLE_IDENTIFIER = "Russell-Price.LittleLemonCapstone";
				PRODUCT_NAME = "$(TARGET_NAME)";
				SWIFT_EMIT_LOC_STRINGS = YES;
				SWIFT_VERSION = 5.0;
				TARGETED_DEVICE_FAMILY = "1,2";
			};
			name = Release;
		};
/* End XCBuildConfiguration section */

/* Begin XCConfigurationList section */
		245DC0D22A6C343E00A533EB /* Build configuration list for PBXProject "LittleLemonCapstone" */ = {
			isa = XCConfigurationList;
			buildConfigurations = (
				245DC0E32A6C343E00A533EB /* Debug */,
				245DC0E42A6C343E00A533EB /* Release */,
			);
			defaultConfigurationIsVisible = 0;
			defaultConfigurationName = Release;
		};
		245DC0E52A6C343E00A533EB /* Build configuration list for PBXNativeTarget "LittleLemonCapstone" */ = {
			isa = XCConfigurationList;
			buildConfigurations = (
				245DC0E62A6C343E00A533EB /* Debug */,
				245DC0E72A6C343E00A533EB /* Release */,
			);
			defaultConfigurationIsVisible = 0;
			defaultConfigurationName = Release;
		};
/* End XCConfigurationList section */

/* Begin XCVersionGroup section */
		245DC0FE2A6C6A9600A533EB /* ExampleDatabase.xcdatamodeld */ = {
			isa = XCVersionGroup;
			children = (
				245DC0FF2A6C6A9600A533EB /* ExampleDatabase.xcdatamodel */,
			);
			currentVersion = 245DC0FF2A6C6A9600A533EB /* ExampleDatabase.xcdatamodel */;
			path = ExampleDatabase.xcdatamodeld;
			sourceTree = "<group>";
			versionGroupType = wrapper.xcdatamodel;
		};
/* End XCVersionGroup section */
	};
	rootObject = 245DC0CF2A6C343E00A533EB /* Project object */;
}
